<?xml version="1.0" encoding="utf-8"?>
<Project ToolsVersion="4.0" xmlns="http://schemas.microsoft.com/developer/msbuild/2003">
  <ItemGroup>
    <Filter Include="源文件">
      <UniqueIdentifier>{4FC737F1-C7A5-4376-A066-2A32D752A2FF}</UniqueIdentifier>
      <Extensions>cpp;c;cc;cxx;def;odl;idl;hpj;bat;asm;asmx</Extensions>
    </Filter>
    <Filter Include="头文件">
      <UniqueIdentifier>{93995380-89BD-4b04-88EB-625FBE52EBFB}</UniqueIdentifier>
      <Extensions>h;hh;hpp;hxx;hm;inl;inc;ipp;xsd</Extensions>
    </Filter>
    <Filter Include="资源文件">
      <UniqueIdentifier>{67DA6AB6-F800-4c08-8B7A-83BB121AAD01}</UniqueIdentifier>
      <Extensions>rc;ico;cur;bmp;dlg;rc2;rct;bin;rgs;gif;jpg;jpeg;jpe;resx;tiff;tif;png;wav;mfcribbon-ms</Extensions>
    </Filter>
  </ItemGroup>
  <ItemGroup>
    <ClInclude Include="stdafx.h">
      <Filter>头文件</Filter>
    </ClInclude>
    <ClInclude Include="targetver.h">
      <Filter>头文件</Filter>
    </ClInclude>
    <ClInclude Include="post_request.h">
      <Filter>头文件</Filter>
    </ClInclude>
    <ClInclude Include="complete_notification.h">
      <Filter>头文件</Filter>
    </ClInclude>
    <ClInclude Include="singleton_data.h">
      <Filter>头文件</Filter>
    </ClInclude>
    <ClInclude Include="objPool.h">
      <Filter>头文件</Filter>
    </ClInclude>
    <ClInclude Include="db_operation.h">
      <Filter>头文件</Filter>
    </ClInclude>
    <ClInclude Include="parse_request.h">
      <Filter>头文件</Filter>
    </ClInclude>
    <ClInclude Include="parse_user.h">
      <Filter>头文件</Filter>
    </ClInclude>
    <ClInclude Include="parse_sim.h">
      <Filter>头文件</Filter>
    </ClInclude>
    <ClInclude Include="parse_data.h">
      <Filter>头文件</Filter>
    </ClInclude>
    <ClInclude Include="parse_kh.h">
      <Filter>头文件</Filter>
    </ClInclude>
    <ClInclude Include="parse_khjl.h">
      <Filter>头文件</Filter>
    </ClInclude>
    <ClInclude Include="parse_llc.h">
      <Filter>头文件</Filter>
    </ClInclude>
    <ClInclude Include="parse_lltc.h">
      <Filter>头文件</Filter>
    </ClInclude>
    <ClInclude Include="parse_ssdq.h">
      <Filter>头文件</Filter>
    </ClInclude>
    <ClInclude Include="parse_import.h">
      <Filter>头文件</Filter>
    </ClInclude>
    <ClInclude Include="sql_test.h">
      <Filter>头文件</Filter>
    </ClInclude>
    <ClInclude Include="Init_st.h">
      <Filter>头文件</Filter>
    </ClInclude>
  </ItemGroup>
  <ItemGroup>
    <ClCompile Include="stdafx.cpp">
      <Filter>源文件</Filter>
    </ClCompile>
    <ClCompile Include="SimServer.cpp">
      <Filter>源文件</Filter>
    </ClCompile>
    <ClCompile Include="post_request.cpp">
      <Filter>源文件</Filter>
    </ClCompile>
    <ClCompile Include="complete_notification.cpp">
      <Filter>源文件</Filter>
    </ClCompile>
    <ClCompile Include="singleton_data.cpp">
      <Filter>源文件</Filter>
    </ClCompile>
    <ClCompile Include="objPool.cpp">
      <Filter>源文件</Filter>
    </ClCompile>
    <ClCompile Include="db_operation.cpp">
      <Filter>源文件</Filter>
    </ClCompile>
    <ClCompile Include="parse_request.cpp">
      <Filter>源文件</Filter>
    </ClCompile>
    <ClCompile Include="parse_user.cpp">
      <Filter>源文件</Filter>
    </ClCompile>
    <ClCompile Include="parse_sim.cpp">
      <Filter>源文件</Filter>
    </ClCompile>
    <ClCompile Include="parse_data.cpp">
      <Filter>源文件</Filter>
    </ClCompile>
    <ClCompile Include="parse_kh.cpp">
      <Filter>源文件</Filter>
    </ClCompile>
    <ClCompile Include="parse_khjl.cpp">
      <Filter>源文件</Filter>
    </ClCompile>
    <ClCompile Include="parse_llc.cpp">
      <Filter>源文件</Filter>
    </ClCompile>
    <ClCompile Include="parse_lltc.cpp">
      <Filter>源文件</Filter>
    </ClCompile>
    <ClCompile Include="parse_ssdq.cpp">
      <Filter>源文件</Filter>
    </ClCompile>
    <ClCompile Include="parse_import.cpp">
      <Filter>源文件</Filter>
    </ClCompile>
    <ClCompile Include="sql_test.cpp">
      <Filter>源文件</Filter>
    </ClCompile>
    <ClCompile Include="Init_st.cpp">
      <Filter>源文件</Filter>
    </ClCompile>
  </ItemGroup>
</Project>